{
  "lockfileVersion": 1,
  "configVersion": 1,
  "workspaces": {
    "": {
      "name": "@jasonkuhrt/bookmarks",
      "dependencies": {
        "@clack/prompts": "^0.9.1",
        "@plist/binary.parse": "^1.1.0",
        "@plist/binary.serialize": "^1.1.0",
        "effect": "^3.12.0",
        "yaml": "^2.8.2",
      },
      "devDependencies": {
        "@tsconfig/strictest": "^2.0.8",
        "@types/bun": "^1.2.0",
        "oxlint": "^1.51.0",
      },
    },
  },
  "packages": {
    "@clack/core": ["@clack/core@0.4.1", "", { "dependencies": { "picocolors": "^1.0.0", "sisteransi": "^1.0.5" } }, "sha512-Pxhij4UXg8KSr7rPek6Zowm+5M22rbd2g1nfojHJkxp5YkFqiZ2+YLEM/XGVIzvGOcM0nqjIFxrpDwWRZYWYjA=="],

    "@clack/prompts": ["@clack/prompts@0.9.1", "", { "dependencies": { "@clack/core": "0.4.1", "picocolors": "^1.0.0", "sisteransi": "^1.0.5" } }, "sha512-JIpyaboYZeWYlyP0H+OoPPxd6nqueG/CmN6ixBiNFsIDHREevjIf0n0Ohh5gr5C8pEDknzgvz+pIJ8dMhzWIeg=="],

    "@oxlint/binding-android-arm-eabi": ["@oxlint/binding-android-arm-eabi@1.51.0", "", { "os": "android", "cpu": "arm" }, "sha512-jJYIqbx4sX+suIxWstc4P7SzhEwb4ArWA2KVrmEuu9vH2i0qM6QIHz/ehmbGE4/2fZbpuMuBzTl7UkfNoqiSgw=="],

    "@oxlint/binding-android-arm64": ["@oxlint/binding-android-arm64@1.51.0", "", { "os": "android", "cpu": "arm64" }, "sha512-GtXyBCcH4ti98YdiMNCrpBNGitx87EjEWxevnyhcBK12k/Vu4EzSB45rzSC4fGFUD6sQgeaxItRCEEWeVwPafw=="],

    "@oxlint/binding-darwin-arm64": ["@oxlint/binding-darwin-arm64@1.51.0", "", { "os": "darwin", "cpu": "arm64" }, "sha512-3QJbeYaMHn6Bh2XeBXuITSsbnIctyTjvHf5nRjKYrT9pPeErNIpp5VDEeAXC0CZSwSVTsc8WOSDwgrAI24JolQ=="],

    "@oxlint/binding-darwin-x64": ["@oxlint/binding-darwin-x64@1.51.0", "", { "os": "darwin", "cpu": "x64" }, "sha512-NzErhMaTEN1cY0E8C5APy74lw5VwsNfJfVPBMWPVQLqAbO0k4FFLjvHURvkUL+Y18Wu+8Vs1kbqPh2hjXYA4pg=="],

    "@oxlint/binding-freebsd-x64": ["@oxlint/binding-freebsd-x64@1.51.0", "", { "os": "freebsd", "cpu": "x64" }, "sha512-msAIh3vPAoKoHlOE/oe6Q5C/n9umypv/k81lED82ibrJotn+3YG2Qp1kiR8o/Dg5iOEU97c6tl0utxcyFenpFw=="],

    "@oxlint/binding-linux-arm-gnueabihf": ["@oxlint/binding-linux-arm-gnueabihf@1.51.0", "", { "os": "linux", "cpu": "arm" }, "sha512-CqQPcvqYyMe9ZBot2stjGogEzk1z8gGAngIX7srSzrzexmXixwVxBdFZyxTVM0CjGfDeV+Ru0w25/WNjlMM2Hw=="],

    "@oxlint/binding-linux-arm-musleabihf": ["@oxlint/binding-linux-arm-musleabihf@1.51.0", "", { "os": "linux", "cpu": "arm" }, "sha512-dstrlYQgZMnyOssxSbolGCge/sDbko12N/35RBNuqLpoPbft2aeBidBAb0dvQlyBd9RJ6u8D4o4Eh8Un6iTgyQ=="],

    "@oxlint/binding-linux-arm64-gnu": ["@oxlint/binding-linux-arm64-gnu@1.51.0", "", { "os": "linux", "cpu": "arm64" }, "sha512-QEjUpXO7d35rP1/raLGGbAsBLLGZIzV3ZbeSjqWlD3oRnxpRIZ6iL4o51XQHkconn3uKssc+1VKdtHJ81BBhDA=="],

    "@oxlint/binding-linux-arm64-musl": ["@oxlint/binding-linux-arm64-musl@1.51.0", "", { "os": "linux", "cpu": "arm64" }, "sha512-YSJua5irtG4DoMAjUapDTPhkQLHhBIY0G9JqlZS6/SZPzqDkPku/1GdWs0D6h/wyx0Iz31lNCfIaWKBQhzP0wQ=="],

    "@oxlint/binding-linux-ppc64-gnu": ["@oxlint/binding-linux-ppc64-gnu@1.51.0", "", { "os": "linux", "cpu": "ppc64" }, "sha512-7L4Wj2IEUNDETKssB9IDYt16T6WlF+X2jgC/hBq3diGHda9vJLpAgb09+D3quFq7TdkFtI7hwz/jmuQmQFPc1Q=="],

    "@oxlint/binding-linux-riscv64-gnu": ["@oxlint/binding-linux-riscv64-gnu@1.51.0", "", { "os": "linux", "cpu": "none" }, "sha512-cBUHqtOXy76G41lOB401qpFoKx1xq17qYkhWrLSM7eEjiHM9sOtYqpr6ZdqCnN9s6ZpzudX4EkeHOFH2E9q0vA=="],

    "@oxlint/binding-linux-riscv64-musl": ["@oxlint/binding-linux-riscv64-musl@1.51.0", "", { "os": "linux", "cpu": "none" }, "sha512-WKbg8CysgZcHfZX0ixQFBRSBvFZUHa3SBnEjHY2FVYt2nbNJEjzTxA3ZR5wMU0NOCNKIAFUFvAh5/XJKPRJuJg=="],

    "@oxlint/binding-linux-s390x-gnu": ["@oxlint/binding-linux-s390x-gnu@1.51.0", "", { "os": "linux", "cpu": "s390x" }, "sha512-N1QRUvJTxqXNSu35YOufdjsAVmKVx5bkrggOWAhTWBc3J4qjcBwr1IfyLh/6YCg8sYRSR1GraldS9jUgJL/U4A=="],

    "@oxlint/binding-linux-x64-gnu": ["@oxlint/binding-linux-x64-gnu@1.51.0", "", { "os": "linux", "cpu": "x64" }, "sha512-e0Mz0DizsCoqNIjeOg6OUKe8JKJWZ5zZlwsd05Bmr51Jo3AOL4UJnPvwKumr4BBtBrDZkCmOLhCvDGm95nJM2g=="],

    "@oxlint/binding-linux-x64-musl": ["@oxlint/binding-linux-x64-musl@1.51.0", "", { "os": "linux", "cpu": "x64" }, "sha512-wD8HGTWhYBKXvRDvoBVB1y+fEYV01samhWQSy1Zkxq2vpezvMnjaFKRuiP6tBNITLGuffbNDEXOwcAhJ3gI5Ug=="],

    "@oxlint/binding-openharmony-arm64": ["@oxlint/binding-openharmony-arm64@1.51.0", "", { "os": "none", "cpu": "arm64" }, "sha512-5NSwQ2hDEJ0GPXqikjWtwzgAQCsS7P9aLMNenjjKa+gknN3lTCwwwERsT6lKXSirfU3jLjexA2XQvQALh5h27w=="],

    "@oxlint/binding-win32-arm64-msvc": ["@oxlint/binding-win32-arm64-msvc@1.51.0", "", { "os": "win32", "cpu": "arm64" }, "sha512-JEZyah1M0RHMw8d+jjSSJmSmO8sABA1J1RtrHYujGPeCkYg1NeH0TGuClpe2h5QtioRTaF57y/TZfn/2IFV6fA=="],

    "@oxlint/binding-win32-ia32-msvc": ["@oxlint/binding-win32-ia32-msvc@1.51.0", "", { "os": "win32", "cpu": "ia32" }, "sha512-q3cEoKH6kwjz/WRyHwSf0nlD2F5Qw536kCXvmlSu+kaShzgrA0ojmh45CA81qL+7udfCaZL2SdKCZlLiGBVFlg=="],

    "@oxlint/binding-win32-x64-msvc": ["@oxlint/binding-win32-x64-msvc@1.51.0", "", { "os": "win32", "cpu": "x64" }, "sha512-Q14+fOGb9T28nWF/0EUsYqERiRA7cl1oy4TJrGmLaqhm+aO2cV+JttboHI3CbdeMCAyDI1+NoSlrM7Melhp/cw=="],

    "@plist/binary.parse": ["@plist/binary.parse@1.1.0", "", { "dependencies": { "@plist/common": "^1.1.0" } }, "sha512-0Bkyt9rCZnlEHQghafWStePBMquIne+9Z9nFTns8OF3ku4QsQ2HMdSSM1MvQfc+6JOU0Q5JlGvAPEUtP9meFsw=="],

    "@plist/binary.serialize": ["@plist/binary.serialize@1.1.0", "", { "dependencies": { "@plist/common": "^1.1.0" } }, "sha512-+CveX99bM1fqlxIaGyD7YbKLpK411qjAW8FHpCuigUyxLTgo28WOXEBxrYaUZGuMPEv6fsDI5e+E2pLvRfcdtA=="],

    "@plist/common": ["@plist/common@1.1.0", "", {}, "sha512-zZAx3dLVsDaW/ulxCbHS3ptVUnO5XEPQ75UPyNJpwPdv9ViWLYXQmbYNmFR8thKpw067RAORuQpBWHvKPffvIg=="],

    "@standard-schema/spec": ["@standard-schema/spec@1.1.0", "", {}, "sha512-l2aFy5jALhniG5HgqrD6jXLi/rUWrKvqN/qJx6yoJsgKhblVd+iqqU4RCXavm/jPityDo5TCvKMnpjKnOriy0w=="],

    "@tsconfig/strictest": ["@tsconfig/strictest@2.0.8", "", {}, "sha512-XnQ7vNz5HRN0r88GYf1J9JJjqtZPiHt2woGJOo2dYqyHGGcd6OLGqSlBB6p1j9mpzja6Oe5BoPqWmeDx6X9rLw=="],

    "@types/bun": ["@types/bun@1.3.10", "", { "dependencies": { "bun-types": "1.3.10" } }, "sha512-0+rlrUrOrTSskibryHbvQkDOWRJwJZqZlxrUs1u4oOoTln8+WIXBPmAuCF35SWB2z4Zl3E84Nl/D0P7803nigQ=="],

    "@types/node": ["@types/node@25.3.5", "", { "dependencies": { "undici-types": "~7.18.0" } }, "sha512-oX8xrhvpiyRCQkG1MFchB09f+cXftgIXb3a7UUa4Y3wpmZPw5tyZGTLWhlESOLq1Rq6oDlc8npVU2/9xiCuXMA=="],

    "bun-types": ["bun-types@1.3.10", "", { "dependencies": { "@types/node": "*" } }, "sha512-tcpfCCl6XWo6nCVnpcVrxQ+9AYN1iqMIzgrSKYMB/fjLtV2eyAVEg7AxQJuCq/26R6HpKWykQXuSOq/21RYcbg=="],

    "effect": ["effect@3.19.19", "", { "dependencies": { "@standard-schema/spec": "^1.0.0", "fast-check": "^3.23.1" } }, "sha512-Yc8U/SVXo2dHnaP7zNBlAo83h/nzSJpi7vph6Hzyl4ulgMBIgPmz3UzOjb9sBgpFE00gC0iETR244sfXDNLHRg=="],

    "fast-check": ["fast-check@3.23.2", "", { "dependencies": { "pure-rand": "^6.1.0" } }, "sha512-h5+1OzzfCC3Ef7VbtKdcv7zsstUQwUDlYpUTvjeUsJAssPgLn7QzbboPtL5ro04Mq0rPOsMzl7q5hIbRs2wD1A=="],

    "oxlint": ["oxlint@1.51.0", "", { "optionalDependencies": { "@oxlint/binding-android-arm-eabi": "1.51.0", "@oxlint/binding-android-arm64": "1.51.0", "@oxlint/binding-darwin-arm64": "1.51.0", "@oxlint/binding-darwin-x64": "1.51.0", "@oxlint/binding-freebsd-x64": "1.51.0", "@oxlint/binding-linux-arm-gnueabihf": "1.51.0", "@oxlint/binding-linux-arm-musleabihf": "1.51.0", "@oxlint/binding-linux-arm64-gnu": "1.51.0", "@oxlint/binding-linux-arm64-musl": "1.51.0", "@oxlint/binding-linux-ppc64-gnu": "1.51.0", "@oxlint/binding-linux-riscv64-gnu": "1.51.0", "@oxlint/binding-linux-riscv64-musl": "1.51.0", "@oxlint/binding-linux-s390x-gnu": "1.51.0", "@oxlint/binding-linux-x64-gnu": "1.51.0", "@oxlint/binding-linux-x64-musl": "1.51.0", "@oxlint/binding-openharmony-arm64": "1.51.0", "@oxlint/binding-win32-arm64-msvc": "1.51.0", "@oxlint/binding-win32-ia32-msvc": "1.51.0", "@oxlint/binding-win32-x64-msvc": "1.51.0" }, "peerDependencies": { "oxlint-tsgolint": ">=0.15.0" }, "optionalPeers": ["oxlint-tsgolint"], "bin": { "oxlint": "bin/oxlint" } }, "sha512-g6DNPaV9/WI9MoX2XllafxQuxwY1TV++j7hP8fTJByVBuCoVtm3dy9f/2vtH/HU40JztcgWF4G7ua+gkainklQ=="],

    "picocolors": ["picocolors@1.1.1", "", {}, "sha512-xceH2snhtb5M9liqDsmEw56le376mTZkEX/jEb/RxNFyegNul7eNslCXP9FDj/Lcu0X8KEyMceP2ntpaHrDEVA=="],

    "pure-rand": ["pure-rand@6.1.0", "", {}, "sha512-bVWawvoZoBYpp6yIoQtQXHZjmz35RSVHnUOTefl8Vcjr8snTPY1wnpSPMWekcFwbxI6gtmT7rSYPFvz71ldiOA=="],

    "sisteransi": ["sisteransi@1.0.5", "", {}, "sha512-bLGGlR1QxBcynn2d5YmDX4MGjlZvy2MRBDRNHLJ8VI6l6+9FUiyTFNJ0IveOSP0bcXgVDPRcfGqA0pjaqUpfVg=="],

    "undici-types": ["undici-types@7.18.2", "", {}, "sha512-AsuCzffGHJybSaRrmr5eHr81mwJU3kjw6M+uprWvCXiNeN9SOGwQ3Jn8jb8m3Z6izVgknn1R0FTCEAP2QrLY/w=="],

    "yaml": ["yaml@2.8.2", "", { "bin": { "yaml": "bin.mjs" } }, "sha512-mplynKqc1C2hTVYxd0PU2xQAc22TI1vShAYGksCCfxbn/dFwnHTNi1bvYsBTkhdUNtGIf5xNOg938rrSSYvS9A=="],
  }
}
